
Microsoft Visual Studio Solution File, Format Version 12.00
# Visual Studio 15
VisualStudioVersion = 15.0.27703.2035
MinimumVisualStudioVersion = 10.0.40219.1
Project("{9A19103F-16F7-4668-BE54-9A1E7A4F7556}") = "EleksTask", "EleksTask\EleksTask.csproj", "{644CDB5F-7448-466D-834F-A84DE95F9F09}"
EndProject
Project("{FAE04EC0-301F-11D3-BF4B-00C04F79EFBC}") = "Test", "Test\Test.csproj", "{EB0244F4-0612-477D-8AAA-59AD9E8C1418}"
EndProject
Global
	GlobalSection(SolutionConfigurationPlatforms) = preSolution
		Debug|Any CPU = Debug|Any CPU
		Release|Any CPU = Release|Any CPU
	EndGlobalSection
	GlobalSection(ProjectConfigurationPlatforms) = postSolution
		{644CDB5F-7448-466D-834F-A84DE95F9F09}.Debug|Any CPU.ActiveCfg = Debug|Any CPU
		{644CDB5F-7448-466D-834F-A84DE95F9F09}.Debug|Any CPU.Build.0 = Debug|Any CPU
		{644CDB5F-7448-466D-834F-A84DE95F9F09}.Release|Any CPU.ActiveCfg = Release|Any CPU
		{644CDB5F-7448-466D-834F-A84DE95F9F09}.Release|Any CPU.Build.0 = Release|Any CPU
		{EB0244F4-0612-477D-8AAA-59AD9E8C1418}.Debug|Any CPU.ActiveCfg = Debug|Any CPU
		{EB0244F4-0612-477D-8AAA-59AD9E8C1418}.Debug|Any CPU.Build.0 = Debug|Any CPU
		{EB0244F4-0612-477D-8AAA-59AD9E8C1418}.Release|Any CPU.ActiveCfg = Release|Any CPU
		{EB0244F4-0612-477D-8AAA-59AD9E8C1418}.Release|Any CPU.Build.0 = Release|Any CPU
	EndGlobalSection
	GlobalSection(SolutionProperties) = preSolution
		HideSolutionNode = FALSE
	EndGlobalSection
	GlobalSection(ExtensibilityGlobals) = postSolution
		SolutionGuid = {0EA2A0E0-492E-455C-8901-A6F4851648DC}
	EndGlobalSection
EndGlobal
